// !$*UTF8*$!
{
	archiveVersion = 1;
	classes = {
	};
	objectVersion = 50;
	objects = {

/* Begin PBXBuildFile section */
		B76C65EC24935484000B3253 /* AppDelegate.swift in Sources */ = {isa = PBXBuildFile; fileRef = B76C65EB24935484000B3253 /* AppDelegate.swift */; };
		B76C65EE24935484000B3253 /* SceneDelegate.swift in Sources */ = {isa = PBXBuildFile; fileRef = B76C65ED24935484000B3253 /* SceneDelegate.swift */; };
		B76C65F124935484000B3253 /* spotifyClone.xcdatamodeld in Sources */ = {isa = PBXBuildFile; fileRef = B76C65EF24935484000B3253 /* spotifyClone.xcdatamodeld */; };
		B76C65F324935484000B3253 /* ContentView.swift in Sources */ = {isa = PBXBuildFile; fileRef = B76C65F224935484000B3253 /* ContentView.swift */; };
		B76C65F524935486000B3253 /* Assets.xcassets in Resources */ = {isa = PBXBuildFile; fileRef = B76C65F424935486000B3253 /* Assets.xcassets */; };
		B76C65F824935486000B3253 /* Preview Assets.xcassets in Resources */ = {isa = PBXBuildFile; fileRef = B76C65F724935486000B3253 /* Preview Assets.xcassets */; };
		B76C65FB24935486000B3253 /* LaunchScreen.storyboard in Resources */ = {isa = PBXBuildFile; fileRef = B76C65F924935486000B3253 /* LaunchScreen.storyboard */; };
		B76C660624935486000B3253 /* spotifyCloneTests.swift in Sources */ = {isa = PBXBuildFile; fileRef = B76C660524935486000B3253 /* spotifyCloneTests.swift */; };
		B76C661124935486000B3253 /* spotifyCloneUITests.swift in Sources */ = {isa = PBXBuildFile; fileRef = B76C661024935486000B3253 /* spotifyCloneUITests.swift */; };
		B76C661F24935F1D000B3253 /* HomePage.swift in Sources */ = {isa = PBXBuildFile; fileRef = B76C661E24935F1D000B3253 /* HomePage.swift */; };
		B76C662124935FDB000B3253 /* SearchPage.swift in Sources */ = {isa = PBXBuildFile; fileRef = B76C662024935FDB000B3253 /* SearchPage.swift */; };
		B76C662324936262000B3253 /* contentItemViewer.swift in Sources */ = {isa = PBXBuildFile; fileRef = B76C662224936262000B3253 /* contentItemViewer.swift */; };
		B7FCC0F52494A1EB00F42ACD /* lImage_text_rImage.swift in Sources */ = {isa = PBXBuildFile; fileRef = B7FCC0F42494A1EB00F42ACD /* lImage_text_rImage.swift */; };
/* End PBXBuildFile section */

/* Begin PBXContainerItemProxy section */
		B76C660224935486000B3253 /* PBXContainerItemProxy */ = {
			isa = PBXContainerItemProxy;
			containerPortal = B76C65E024935484000B3253 /* Project object */;
			proxyType = 1;
			remoteGlobalIDString = B76C65E724935484000B3253;
			remoteInfo = spotifyClone;
		};
		B76C660D24935486000B3253 /* PBXContainerItemProxy */ = {
			isa = PBXContainerItemProxy;
			containerPortal = B76C65E024935484000B3253 /* Project object */;
			proxyType = 1;
			remoteGlobalIDString = B76C65E724935484000B3253;
			remoteInfo = spotifyClone;
		};
/* End PBXContainerItemProxy section */

/* Begin PBXFileReference section */
		B76C65E824935484000B3253 /* spotifyClone.app */ = {isa = PBXFileReference; explicitFileType = wrapper.application; includeInIndex = 0; path = spotifyClone.app; sourceTree = BUILT_PRODUCTS_DIR; };
		B76C65EB24935484000B3253 /* AppDelegate.swift */ = {isa = PBXFileReference; lastKnownFileType = sourcecode.swift; path = AppDelegate.swift; sourceTree = "<group>"; };
		B76C65ED24935484000B3253 /* SceneDelegate.swift */ = {isa = PBXFileReference; lastKnownFileType = sourcecode.swift; path = SceneDelegate.swift; sourceTree = "<group>"; };
		B76C65F024935484000B3253 /* spotifyClone.xcdatamodel */ = {isa = PBXFileReference; lastKnownFileType = wrapper.xcdatamodel; path = spotifyClone.xcdatamodel; sourceTree = "<group>"; };
		B76C65F224935484000B3253 /* ContentView.swift */ = {isa = PBXFileReference; lastKnownFileType = sourcecode.swift; path = ContentView.swift; sourceTree = "<group>"; };
		B76C65F424935486000B3253 /* Assets.xcassets */ = {isa = PBXFileReference; lastKnownFileType = folder.assetcatalog; path = Assets.xcassets; sourceTree = "<group>"; };
		B76C65F724935486000B3253 /* Preview Assets.xcassets */ = {isa = PBXFileReference; lastKnownFileType = folder.assetcatalog; path = "Preview Assets.xcassets"; sourceTree = "<group>"; };
		B76C65FA24935486000B3253 /* Base */ = {isa = PBXFileReference; lastKnownFileType = file.storyboard; name = Base; path = Base.lproj/LaunchScreen.storyboard; sourceTree = "<group>"; };
		B76C65FC24935486000B3253 /* Info.plist */ = {isa = PBXFileReference; lastKnownFileType = text.plist.xml; path = Info.plist; sourceTree = "<group>"; };
		B76C660124935486000B3253 /* spotifyCloneTests.xctest */ = {isa = PBXFileReference; explicitFileType = wrapper.cfbundle; includeInIndex = 0; path = spotifyCloneTests.xctest; sourceTree = BUILT_PRODUCTS_DIR; };
		B76C660524935486000B3253 /* spotifyCloneTests.swift */ = {isa = PBXFileReference; lastKnownFileType = sourcecode.swift; path = spotifyCloneTests.swift; sourceTree = "<group>"; };
		B76C660724935486000B3253 /* Info.plist */ = {isa = PBXFileReference; lastKnownFileType = text.plist.xml; path = Info.plist; sourceTree = "<group>"; };
		B76C660C24935486000B3253 /* spotifyCloneUITests.xctest */ = {isa = PBXFileReference; explicitFileType = wrapper.cfbundle; includeInIndex = 0; path = spotifyCloneUITests.xctest; sourceTree = BUILT_PRODUCTS_DIR; };
		B76C661024935486000B3253 /* spotifyCloneUITests.swift */ = {isa = PBXFileReference; lastKnownFileType = sourcecode.swift; path = spotifyCloneUITests.swift; sourceTree = "<group>"; };
		B76C661224935486000B3253 /* Info.plist */ = {isa = PBXFileReference; lastKnownFileType = text.plist.xml; path = Info.plist; sourceTree = "<group>"; };
		B76C661E24935F1D000B3253 /* HomePage.swift */ = {isa = PBXFileReference; lastKnownFileType = sourcecode.swift; path = HomePage.swift; sourceTree = "<group>"; };
		B76C662024935FDB000B3253 /* SearchPage.swift */ = {isa = PBXFileReference; lastKnownFileType = sourcecode.swift; path = SearchPage.swift; sourceTree = "<group>"; };
		B76C662224936262000B3253 /* contentItemViewer.swift */ = {isa = PBXFileReference; lastKnownFileType = sourcecode.swift; path = contentItemViewer.swift; sourceTree = "<group>"; };
		B7FCC0F42494A1EB00F42ACD /* lImage_text_rImage.swift */ = {isa = PBXFileReference; lastKnownFileType = sourcecode.swift; path = lImage_text_rImage.swift; sourceTree = "<group>"; };
/* End PBXFileReference section */

/* Begin PBXFrameworksBuildPhase section */
		B76C65E524935484000B3253 /* Frameworks */ = {
			isa = PBXFrameworksBuildPhase;
			buildActionMask = 2147483647;
			files = (
			);
			runOnlyForDeploymentPostprocessing = 0;
		};
		B76C65FE24935486000B3253 /* Frameworks */ = {
			isa = PBXFrameworksBuildPhase;
			buildActionMask = 2147483647;
			files = (
			);
			runOnlyForDeploymentPostprocessing = 0;
		};
		B76C660924935486000B3253 /* Frameworks */ = {
			isa = PBXFrameworksBuildPhase;
			buildActionMask = 2147483647;
			files = (
			);
			runOnlyForDeploymentPostprocessing = 0;
		};
/* End PBXFrameworksBuildPhase section */

/* Begin PBXGroup section */
		B76C65DF24935484000B3253 = {
			isa = PBXGroup;
			children = (
				B76C65EA24935484000B3253 /* spotifyClone */,
				B76C660424935486000B3253 /* spotifyCloneTests */,
				B76C660F24935486000B3253 /* spotifyCloneUITests */,
				B76C65E924935484000B3253 /* Products */,
			);
			sourceTree = "<group>";
		};
		B76C65E924935484000B3253 /* Products */ = {
			isa = PBXGroup;
			children = (
				B76C65E824935484000B3253 /* spotifyClone.app */,
				B76C660124935486000B3253 /* spotifyCloneTests.xctest */,
				B76C660C24935486000B3253 /* spotifyCloneUITests.xctest */,
			);
			name = Products;
			sourceTree = "<group>";
		};
		B76C65EA24935484000B3253 /* spotifyClone */ = {
			isa = PBXGroup;
			children = (
				B76C65EB24935484000B3253 /* AppDelegate.swift */,
				B76C65ED24935484000B3253 /* SceneDelegate.swift */,
				B76C6624249362E2000B3253 /* Views */,
				B76C65F424935486000B3253 /* Assets.xcassets */,
				B76C65F924935486000B3253 /* LaunchScreen.storyboard */,
				B76C65FC24935486000B3253 /* Info.plist */,
				B76C65EF24935484000B3253 /* spotifyClone.xcdatamodeld */,
				B76C65F624935486000B3253 /* Preview Content */,
			);
			path = spotifyClone;
			sourceTree = "<group>";
		};
		B76C65F624935486000B3253 /* Preview Content */ = {
			isa = PBXGroup;
			children = (
				B76C65F724935486000B3253 /* Preview Assets.xcassets */,
			);
			path = "Preview Content";
			sourceTree = "<group>";
		};
		B76C660424935486000B3253 /* spotifyCloneTests */ = {
			isa = PBXGroup;
			children = (
				B76C660524935486000B3253 /* spotifyCloneTests.swift */,
				B76C660724935486000B3253 /* Info.plist */,
			);
			path = spotifyCloneTests;
			sourceTree = "<group>";
		};
		B76C660F24935486000B3253 /* spotifyCloneUITests */ = {
			isa = PBXGroup;
			children = (
				B76C661024935486000B3253 /* spotifyCloneUITests.swift */,
				B76C661224935486000B3253 /* Info.plist */,
			);
			path = spotifyCloneUITests;
			sourceTree = "<group>";
		};
		B76C6624249362E2000B3253 /* Views */ = {
			isa = PBXGroup;
			children = (
				B76C65F224935484000B3253 /* ContentView.swift */,
				B76C662224936262000B3253 /* contentItemViewer.swift */,
				B7FCC0F42494A1EB00F42ACD /* lImage_text_rImage.swift */,
				B76C661E24935F1D000B3253 /* HomePage.swift */,
				B76C662024935FDB000B3253 /* SearchPage.swift */,
			);
			path = Views;
			sourceTree = "<group>";
		};
/* End PBXGroup section */

/* Begin PBXNativeTarget section */
		B76C65E724935484000B3253 /* spotifyClone */ = {
			isa = PBXNativeTarget;
			buildConfigurationList = B76C661524935486000B3253 /* Build configuration list for PBXNativeTarget "spotifyClone" */;
			buildPhases = (
				B76C65E424935484000B3253 /* Sources */,
				B76C65E524935484000B3253 /* Frameworks */,
				B76C65E624935484000B3253 /* Resources */,
			);
			buildRules = (
			);
			dependencies = (
			);
			name = spotifyClone;
			productName = spotifyClone;
			productReference = B76C65E824935484000B3253 /* spotifyClone.app */;
			productType = "com.apple.product-type.application";
		};
		B76C660024935486000B3253 /* spotifyCloneTests */ = {
			isa = PBXNativeTarget;
			buildConfigurationList = B76C661824935486000B3253 /* Build configuration list for PBXNativeTarget "spotifyCloneTests" */;
			buildPhases = (
				B76C65FD24935486000B3253 /* Sources */,
				B76C65FE24935486000B3253 /* Frameworks */,
				B76C65FF24935486000B3253 /* Resources */,
			);
			buildRules = (
			);
			dependencies = (
				B76C660324935486000B3253 /* PBXTargetDependency */,
			);
			name = spotifyCloneTests;
			productName = spotifyCloneTests;
			productReference = B76C660124935486000B3253 /* spotifyCloneTests.xctest */;
			productType = "com.apple.product-type.bundle.unit-test";
		};
		B76C660B24935486000B3253 /* spotifyCloneUITests */ = {
			isa = PBXNativeTarget;
			buildConfigurationList = B76C661B24935486000B3253 /* Build configuration list for PBXNativeTarget "spotifyCloneUITests" */;
			buildPhases = (
				B76C660824935486000B3253 /* Sources */,
				B76C660924935486000B3253 /* Frameworks */,
				B76C660A24935486000B3253 /* Resources */,
			);
			buildRules = (
			);
			dependencies = (
				B76C660E24935486000B3253 /* PBXTargetDependency */,
			);
			name = spotifyCloneUITests;
			productName = spotifyCloneUITests;
			productReference = B76C660C24935486000B3253 /* spotifyCloneUITests.xctest */;
			productType = "com.apple.product-type.bundle.ui-testing";
		};
/* End PBXNativeTarget section */

/* Begin PBXProject section */
		B76C65E024935484000B3253 /* Project object */ = {
			isa = PBXProject;
			attributes = {
				LastSwiftUpdateCheck = 1130;
				LastUpgradeCheck = 1130;
				ORGANIZATIONNAME = "stark rahul";
				TargetAttributes = {
					B76C65E724935484000B3253 = {
						CreatedOnToolsVersion = 11.3.1;
					};
					B76C660024935486000B3253 = {
						CreatedOnToolsVersion = 11.3.1;
						TestTargetID = B76C65E724935484000B3253;
					};
					B76C660B24935486000B3253 = {
						CreatedOnToolsVersion = 11.3.1;
						TestTargetID = B76C65E724935484000B3253;
					};
				};
			};
			buildConfigurationList = B76C65E324935484000B3253 /* Build configuration list for PBXProject "spotifyClone" */;
			compatibilityVersion = "Xcode 9.3";
			developmentRegion = en;
			hasScannedForEncodings = 0;
			knownRegions = (
				en,
				Base,
			);
			mainGroup = B76C65DF24935484000B3253;
			productRefGroup = B76C65E924935484000B3253 /* Products */;
			projectDirPath = "";
			projectRoot = "";
			targets = (
				B76C65E724935484000B3253 /* spotifyClone */,
				B76C660024935486000B3253 /* spotifyCloneTests */,
				B76C660B24935486000B3253 /* spotifyCloneUITests */,
			);
		};
/* End PBXProject section */

/* Begin PBXResourcesBuildPhase section */
		B76C65E624935484000B3253 /* Resources */ = {
			isa = PBXResourcesBuildPhase;
			buildActionMask = 2147483647;
			files = (
				B76C65FB24935486000B3253 /* LaunchScreen.storyboard in Resources */,
				B76C65F824935486000B3253 /* Preview Assets.xcassets in Resources */,
				B76C65F524935486000B3253 /* Assets.xcassets in Resources */,
			);
			runOnlyForDeploymentPostprocessing = 0;
		};
		B76C65FF24935486000B3253 /* Resources */ = {
			isa = PBXResourcesBuildPhase;
			buildActionMask = 2147483647;
			files = (
			);
			runOnlyForDeploymentPostprocessing = 0;
		};
		B76C660A24935486000B3253 /* Resources */ = {
			isa = PBXResourcesBuildPhase;
			buildActionMask = 2147483647;
			files = (
			);
			runOnlyForDeploymentPostprocessing = 0;
		};
/* End PBXResourcesBuildPhase section */

/* Begin PBXSourcesBuildPhase section */
		B76C65E424935484000B3253 /* Sources */ = {
			isa = PBXSourcesBuildPhase;
			buildActionMask = 2147483647;
			files = (
				B76C661F24935F1D000B3253 /* HomePage.swift in Sources */,
				B76C65F124935484000B3253 /* spotifyClone.xcdatamodeld in Sources */,
				B7FCC0F52494A1EB00F42ACD /* lImage_text_rImage.swift in Sources */,
				B76C662124935FDB000B3253 /* SearchPage.swift in Sources */,
				B76C65EC24935484000B3253 /* AppDelegate.swift in Sources */,
				B76C65F324935484000B3253 /* ContentView.swift in Sources */,
				B76C662324936262000B3253 /* contentItemViewer.swift in Sources */,
				B76C65EE24935484000B3253 /* SceneDelegate.swift in Sources */,
			);
			runOnlyForDeploymentPostprocessing = 0;
		};
		B76C65FD24935486000B3253 /* Sources */ = {
			isa = PBXSourcesBuildPhase;
			buildActionMask = 2147483647;
			files = (
				B76C660624935486000B3253 /* spotifyCloneTests.swift in Sources */,
			);
			runOnlyForDeploymentPostprocessing = 0;
		};
		B76C660824935486000B3253 /* Sources */ = {
			isa = PBXSourcesBuildPhase;
			buildActionMask = 2147483647;
			files = (
				B76C661124935486000B3253 /* spotifyCloneUITests.swift in Sources */,
			);
			runOnlyForDeploymentPostprocessing = 0;
		};
/* End PBXSourcesBuildPhase section */

/* Begin PBXTargetDependency section */
		B76C660324935486000B3253 /* PBXTargetDependency */ = {
			isa = PBXTargetDependency;
			target = B76C65E724935484000B3253 /* spotifyClone */;
			targetProxy = B76C660224935486000B3253 /* PBXContainerItemProxy */;
		};
		B76C660E24935486000B3253 /* PBXTargetDependency */ = {
			isa = PBXTargetDependency;
			target = B76C65E724935484000B3253 /* spotifyClone */;
			targetProxy = B76C660D24935486000B3253 /* PBXContainerItemProxy */;
		};
/* End PBXTargetDependency section */

/* Begin PBXVariantGroup section */
		B76C65F924935486000B3253 /* LaunchScreen.storyboard */ = {
			isa = PBXVariantGroup;
			children = (
				B76C65FA24935486000B3253 /* Base */,
			);
			name = LaunchScreen.storyboard;
			sourceTree = "<group>";
		};
/* End PBXVariantGroup section */

/* Begin XCBuildConfiguration section */
		B76C661324935486000B3253 /* Debug */ = {
			isa = XCBuildConfiguration;
			buildSettings = {
				ALWAYS_SEARCH_USER_PATHS = NO;
				CLANG_ANALYZER_NONNULL = YES;
				CLANG_ANALYZER_NUMBER_OBJECT_CONVERSION = YES_AGGRESSIVE;
				CLANG_CXX_LANGUAGE_STANDARD = "gnu++14";
				CLANG_CXX_LIBRARY = "libc++";
				CLANG_ENABLE_MODULES = YES;
				CLANG_ENABLE_OBJC_ARC = YES;
				CLANG_ENABLE_OBJC_WEAK = YES;
				CLANG_WARN_BLOCK_CAPTURE_AUTORELEASING = YES;
				CLANG_WARN_BOOL_CONVERSION = YES;
				CLANG_WARN_COMMA = YES;
				CLANG_WARN_CONSTANT_CONVERSION = YES;
				CLANG_WARN_DEPRECATED_OBJC_IMPLEMENTATIONS = YES;
				CLANG_WARN_DIRECT_OBJC_ISA_USAGE = YES_ERROR;
				CLANG_WARN_DOCUMENTATION_COMMENTS = YES;
				CLANG_WARN_EMPTY_BODY = YES;
				CLANG_WARN_ENUM_CONVERSION = YES;
				CLANG_WARN_INFINITE_RECURSION = YES;
				CLANG_WARN_INT_CONVERSION = YES;
				CLANG_WARN_NON_LITERAL_NULL_CONVERSION = YES;
				CLANG_WARN_OBJC_IMPLICIT_RETAIN_SELF = YES;
				CLANG_WARN_OBJC_LITERAL_CONVERSION = YES;
				CLANG_WARN_OBJC_ROOT_CLASS = YES_ERROR;
				CLANG_WARN_RANGE_LOOP_ANALYSIS = YES;
				CLANG_WARN_STRICT_PROTOTYPES = YES;
				CLANG_WARN_SUSPICIOUS_MOVE = YES;
				CLANG_WARN_UNGUARDED_AVAILABILITY = YES_AGGRESSIVE;
				CLANG_WARN_UNREACHABLE_CODE = YES;
				CLANG_WARN__DUPLICATE_METHOD_MATCH = YES;
				COPY_PHASE_STRIP = NO;
				DEBUG_INFORMATION_FORMAT = dwarf;
				ENABLE_STRICT_OBJC_MSGSEND = YES;
				ENABLE_TESTABILITY = YES;
				GCC_C_LANGUAGE_STANDARD = gnu11;
				GCC_DYNAMIC_NO_PIC = NO;
				GCC_NO_COMMON_BLOCKS = YES;
				GCC_OPTIMIZATION_LEVEL = 0;
				GCC_PREPROCESSOR_DEFINITIONS = (
					"DEBUG=1",
					"$(inherited)",
				);
				GCC_WARN_64_TO_32_BIT_CONVERSION = YES;
				GCC_WARN_ABOUT_RETURN_TYPE = YES_ERROR;
				GCC_WARN_UNDECLARED_SELECTOR = YES;
				GCC_WARN_UNINITIALIZED_AUTOS = YES_AGGRESSIVE;
				GCC_WARN_UNUSED_FUNCTION = YES;
				GCC_WARN_UNUSED_VARIABLE = YES;
				IPHONEOS_DEPLOYMENT_TARGET = 13.2;
				MTL_ENABLE_DEBUG_INFO = INCLUDE_SOURCE;
				MTL_FAST_MATH = YES;
				ONLY_ACTIVE_ARCH = YES;
				SDKROOT = iphoneos;
				SWIFT_ACTIVE_COMPILATION_CONDITIONS = DEBUG;
				SWIFT_OPTIMIZATION_LEVEL = "-Onone";
			};
			name = Debug;
		};
		B76C661424935486000B3253 /* Release */ = {
			isa = XCBuildConfiguration;
			buildSettings = {
				ALWAYS_SEARCH_USER_PATHS = NO;
				CLANG_ANALYZER_NONNULL = YES;
				CLANG_ANALYZER_NUMBER_OBJECT_CONVERSION = YES_AGGRESSIVE;
				CLANG_CXX_LANGUAGE_STANDARD = "gnu++14";
				CLANG_CXX_LIBRARY = "libc++";
				CLANG_ENABLE_MODULES = YES;
				CLANG_ENABLE_OBJC_ARC = YES;
				CLANG_ENABLE_OBJC_WEAK = YES;
				CLANG_WARN_BLOCK_CAPTURE_AUTORELEASING = YES;
				CLANG_WARN_BOOL_CONVERSION = YES;
				CLANG_WARN_COMMA = YES;
				CLANG_WARN_CONSTANT_CONVERSION = YES;
				CLANG_WARN_DEPRECATED_OBJC_IMPLEMENTATIONS = YES;
				CLANG_WARN_DIRECT_OBJC_ISA_USAGE = YES_ERROR;
				CLANG_WARN_DOCUMENTATION_COMMENTS = YES;
				CLANG_WARN_EMPTY_BODY = YES;
				CLANG_WARN_ENUM_CONVERSION = YES;
				CLANG_WARN_INFINITE_RECURSION = YES;
				CLANG_WARN_INT_CONVERSION = YES;
				CLANG_WARN_NON_LITERAL_NULL_CONVERSION = YES;
				CLANG_WARN_OBJC_IMPLICIT_RETAIN_SELF = YES;
				CLANG_WARN_OBJC_LITERAL_CONVERSION = YES;
				CLANG_WARN_OBJC_ROOT_CLASS = YES_ERROR;
				CLANG_WARN_RANGE_LOOP_ANALYSIS = YES;
				CLANG_WARN_STRICT_PROTOTYPES = YES;
				CLANG_WARN_SUSPICIOUS_MOVE = YES;
				CLANG_WARN_UNGUARDED_AVAILABILITY = YES_AGGRESSIVE;
				CLANG_WARN_UNREACHABLE_CODE = YES;
				CLANG_WARN__DUPLICATE_METHOD_MATCH = YES;
				COPY_PHASE_STRIP = NO;
				DEBUG_INFORMATION_FORMAT = "dwarf-with-dsym";
				ENABLE_NS_ASSERTIONS = NO;
				ENABLE_STRICT_OBJC_MSGSEND = YES;
				GCC_C_LANGUAGE_STANDARD = gnu11;
				GCC_NO_COMMON_BLOCKS = YES;
				GCC_WARN_64_TO_32_BIT_CONVERSION = YES;
				GCC_WARN_ABOUT_RETURN_TYPE = YES_ERROR;
				GCC_WARN_UNDECLARED_SELECTOR = YES;
				GCC_WARN_UNINITIALIZED_AUTOS = YES_AGGRESSIVE;
				GCC_WARN_UNUSED_FUNCTION = YES;
				GCC_WARN_UNUSED_VARIABLE = YES;
				IPHONEOS_DEPLOYMENT_TARGET = 13.2;
				MTL_ENABLE_DEBUG_INFO = NO;
				MTL_FAST_MATH = YES;
				SDKROOT = iphoneos;
				SWIFT_COMPILATION_MODE = wholemodule;
				SWIFT_OPTIMIZATION_LEVEL = "-O";
				VALIDATE_PRODUCT = YES;
			};
			name = Release;
		};
		B76C661624935486000B3253 /* Debug */ = {
			isa = XCBuildConfiguration;
			buildSettings = {
				ASSETCATALOG_COMPILER_APPICON_NAME = AppIcon;
				CODE_SIGN_STYLE = Automatic;
				DEVELOPMENT_ASSET_PATHS = "\"spotifyClone/Preview Content\"";
				ENABLE_PREVIEWS = YES;
				INFOPLIST_FILE = spotifyClone/Info.plist;
				LD_RUNPATH_SEARCH_PATHS = (
					"$(inherited)",
					"@executable_path/Frameworks",
				);
				PRODUCT_BUNDLE_IDENTIFIER = com.starkrahul.spotifyClone;
				PRODUCT_NAME = "$(TARGET_NAME)";
				SWIFT_VERSION = 5.0;
				TARGETED_DEVICE_FAMILY = "1,2";
			};
			name = Debug;
		};
		B76C661724935486000B3253 /* Release */ = {
			isa = XCBuildConfiguration;
			buildSettings = {
				ASSETCATALOG_COMPILER_APPICON_NAME = AppIcon;
				CODE_SIGN_STYLE = Automatic;
				DEVELOPMENT_ASSET_PATHS = "\"spotifyClone/Preview Content\"";
				ENABLE_PREVIEWS = YES;
				INFOPLIST_FILE = spotifyClone/Info.plist;
				LD_RUNPATH_SEARCH_PATHS = (
					"$(inherited)",
					"@executable_path/Frameworks",
				);
				PRODUCT_BUNDLE_IDENTIFIER = com.starkrahul.spotifyClone;
				PRODUCT_NAME = "$(TARGET_NAME)";
				SWIFT_VERSION = 5.0;
				TARGETED_DEVICE_FAMILY = "1,2";
			};
			name = Release;
		};
		B76C661924935486000B3253 /* Debug */ = {
			isa = XCBuildConfiguration;
			buildSettings = {
				ALWAYS_EMBED_SWIFT_STANDARD_LIBRARIES = YES;
				BUNDLE_LOADER = "$(TEST_HOST)";
				CODE_SIGN_STYLE = Automatic;
				INFOPLIST_FILE = spotifyCloneTests/Info.plist;
				IPHONEOS_DEPLOYMENT_TARGET = 13.2;
				LD_RUNPATH_SEARCH_PATHS = (
					"$(inherited)",
					"@executable_path/Frameworks",
					"@loader_path/Frameworks",
				);
				PRODUCT_BUNDLE_IDENTIFIER = com.starkrahul.spotifyCloneTests;
				PRODUCT_NAME = "$(TARGET_NAME)";
				SWIFT_VERSION = 5.0;
				TARGETED_DEVICE_FAMILY = "1,2";
				TEST_HOST = "$(BUILT_PRODUCTS_DIR)/spotifyClone.app/spotifyClone";
			};
			name = Debug;
		};
		B76C661A24935486000B3253 /* Release */ = {
			isa = XCBuildConfiguration;
			buildSettings = {
				ALWAYS_EMBED_SWIFT_STANDARD_LIBRARIES = YES;
				BUNDLE_LOADER = "$(TEST_HOST)";
				CODE_SIGN_STYLE = Automatic;
				INFOPLIST_FILE = spotifyCloneTests/Info.plist;
				IPHONEOS_DEPLOYMENT_TARGET = 13.2;
				LD_RUNPATH_SEARCH_PATHS = (
					"$(inherited)",
					"@executable_path/Frameworks",
					"@loader_path/Frameworks",
				);
				PRODUCT_BUNDLE_IDENTIFIER = com.starkrahul.spotifyCloneTests;
				PRODUCT_NAME = "$(TARGET_NAME)";
				SWIFT_VERSION = 5.0;
				TARGETED_DEVICE_FAMILY = "1,2";
				TEST_HOST = "$(BUILT_PRODUCTS_DIR)/spotifyClone.app/spotifyClone";
			};
			name = Release;
		};
		B76C661C24935486000B3253 /* Debug */ = {
			isa = XCBuildConfiguration;
			buildSettings = {
				ALWAYS_EMBED_SWIFT_STANDARD_LIBRARIES = YES;
				CODE_SIGN_STYLE = Automatic;
				INFOPLIST_FILE = spotifyCloneUITests/Info.plist;
				LD_RUNPATH_SEARCH_PATHS = (
					"$(inherited)",
					"@executable_path/Frameworks",
					"@loader_path/Frameworks",
				);
				PRODUCT_BUNDLE_IDENTIFIER = com.starkrahul.spotifyCloneUITests;
				PRODUCT_NAME = "$(TARGET_NAME)";
				SWIFT_VERSION = 5.0;
				TARGETED_DEVICE_FAMILY = "1,2";
				TEST_TARGET_NAME = spotifyClone;
			};
			name = Debug;
		};
		B76C661D24935486000B3253 /* Release */ = {
			isa = XCBuildConfiguration;
			buildSettings = {
				ALWAYS_EMBED_SWIFT_STANDARD_LIBRARIES = YES;
				CODE_SIGN_STYLE = Automatic;
				INFOPLIST_FILE = spotifyCloneUITests/Info.plist;
				LD_RUNPATH_SEARCH_PATHS = (
					"$(inherited)",
					"@executable_path/Frameworks",
					"@loader_path/Frameworks",
				);
				PRODUCT_BUNDLE_IDENTIFIER = com.starkrahul.spotifyCloneUITests;
				PRODUCT_NAME = "$(TARGET_NAME)";
				SWIFT_VERSION = 5.0;
				TARGETED_DEVICE_FAMILY = "1,2";
				TEST_TARGET_NAME = spotifyClone;
			};
			name = Release;
		};
/* End XCBuildConfiguration section */

/* Begin XCConfigurationList section */
		B76C65E324935484000B3253 /* Build configuration list for PBXProject "spotifyClone" */ = {
			isa = XCConfigurationList;
			buildConfigurations = (
				B76C661324935486000B3253 /* Debug */,
				B76C661424935486000B3253 /* Release */,
			);
			defaultConfigurationIsVisible = 0;
			defaultConfigurationName = Release;
		};
		B76C661524935486000B3253 /* Build configuration list for PBXNativeTarget "spotifyClone" */ = {
			isa = XCConfigurationList;
			buildConfigurations = (
				B76C661624935486000B3253 /* Debug */,
				B76C661724935486000B3253 /* Release */,
			);
			defaultConfigurationIsVisible = 0;
			defaultConfigurationName = Release;
		};
		B76C661824935486000B3253 /* Build configuration list for PBXNativeTarget "spotifyCloneTests" */ = {
			isa = XCConfigurationList;
			buildConfigurations = (
				B76C661924935486000B3253 /* Debug */,
				B76C661A24935486000B3253 /* Release */,
			);
			defaultConfigurationIsVisible = 0;
			defaultConfigurationName = Release;
		};
		B76C661B24935486000B3253 /* Build configuration list for PBXNativeTarget "spotifyCloneUITests" */ = {
			isa = XCConfigurationList;
			buildConfigurations = (
				B76C661C24935486000B3253 /* Debug */,
				B76C661D24935486000B3253 /* Release */,
			);
			defaultConfigurationIsVisible = 0;
			defaultConfigurationName = Release;
		};
/* End XCConfigurationList section */

/* Begin XCVersionGroup section */
		B76C65EF24935484000B3253 /* spotifyClone.xcdatamodeld */ = {
			isa = XCVersionGroup;
			children = (
				B76C65F024935484000B3253 /* spotifyClone.xcdatamodel */,
			);
			currentVersion = B76C65F024935484000B3253 /* spotifyClone.xcdatamodel */;
			path = spotifyClone.xcdatamodeld;
			sourceTree = "<group>";
			versionGroupType = wrapper.xcdatamodel;
		};
/* End XCVersionGroup section */
	};
	rootObject = B76C65E024935484000B3253 /* Project object */;
}
